
Microsoft Visual Studio Solution File, Format Version 12.00
# Visual Studio Version 17
VisualStudioVersion = 17.10.35122.118
MinimumVisualStudioVersion = 10.0.40219.1
Project("{FAE04EC0-301F-11D3-BF4B-00C04F79EFBC}") = "FinancialCalc", "FinancialCalc\FinancialCalc.csproj", "{F7462C29-F9C1-4BCA-907E-3160C37D1E18}"
EndProject
Global
	GlobalSection(SolutionConfigurationPlatforms) = preSolution
		Debug|Any CPU = Debug|Any CPU
		Release|Any CPU = Release|Any CPU
	EndGlobalSection
	GlobalSection(ProjectConfigurationPlatforms) = postSolution
		{F7462C29-F9C1-4BCA-907E-3160C37D1E18}.Debug|Any CPU.ActiveCfg = Debug|Any CPU
		{F7462C29-F9C1-4BCA-907E-3160C37D1E18}.Debug|Any CPU.Build.0 = Debug|Any CPU
		{F7462C29-F9C1-4BCA-907E-3160C37D1E18}.Release|Any CPU.ActiveCfg = Release|Any CPU
		{F7462C29-F9C1-4BCA-907E-3160C37D1E18}.Release|Any CPU.Build.0 = Release|Any CPU
	EndGlobalSection
	GlobalSection(SolutionProperties) = preSolution
		HideSolutionNode = FALSE
	EndGlobalSection
	GlobalSection(ExtensibilityGlobals) = postSolution
		SolutionGuid = {84B9704F-3A72-455D-B555-A4EF8F32EE39}
	EndGlobalSection
EndGlobal
